Microsoft Visual Studio Solution File, Format Version 11.00
# Visual Studio 2008

Project("{BAE79953-9FA3-28FA-8990-ACBC2BAE0DCD}") = "gitTutorial", "Assembly-CSharp.csproj", "{DAF38A76-9304-6831-4E89-8EA55F28147C}"
EndProject
Global
	GlobalSection(SolutionConfigurationPlatforms) = preSolution
		Debug|Any CPU = Debug|Any CPU
		Release|Any CPU = Release|Any CPU
	EndGlobalSection
	GlobalSection(ProjectConfigurationPlatforms) = postSolution
		{DAF38A76-9304-6831-4E89-8EA55F28147C}.Debug|Any CPU.ActiveCfg = Debug|Any CPU
		{DAF38A76-9304-6831-4E89-8EA55F28147C}.Debug|Any CPU.Build.0 = Debug|Any CPU
		{DAF38A76-9304-6831-4E89-8EA55F28147C}.Release|Any CPU.ActiveCfg = Release|Any CPU
		{DAF38A76-9304-6831-4E89-8EA55F28147C}.Release|Any CPU.Build.0 = Release|Any CPU
	EndGlobalSection
	GlobalSection(SolutionProperties) = preSolution
		HideSolutionNode = FALSE
	EndGlobalSection
	GlobalSection(MonoDevelopProperties) = preSolution
		StartupItem = Assembly-CSharp.csproj
	EndGlobalSection
EndGlobal
